
Microsoft Visual Studio Solution File, Format Version 12.00
# Visual Studio Version 16
VisualStudioVersion = 16.0.30330.147
MinimumVisualStudioVersion = 10.0.40219.1
Project("{FAE04EC0-301F-11D3-BF4B-00C04F79EFBC}") = "NHLClient", "NHLClient\NHLClient.csproj", "{15D06F60-D4F4-48A9-B23B-D653E2B8CB81}"
EndProject
Project("{FAE04EC0-301F-11D3-BF4B-00C04F79EFBC}") = "NHLClientTests", "NHLClientTests\NHLClientTests.csproj", "{C8EF9B0B-6801-47D6-9B9F-988699493C7A}"
EndProject
Project("{FAE04EC0-301F-11D3-BF4B-00C04F79EFBC}") = "NHLStatSite", "NHLStatSite\NHLStatSite.csproj", "{1392F52E-696C-4DF8-9FA6-047F6BDE39A1}"
EndProject
Global
	GlobalSection(SolutionConfigurationPlatforms) = preSolution
		Debug|Any CPU = Debug|Any CPU
		Release|Any CPU = Release|Any CPU
	EndGlobalSection
	GlobalSection(ProjectConfigurationPlatforms) = postSolution
		{15D06F60-D4F4-48A9-B23B-D653E2B8CB81}.Debug|Any CPU.ActiveCfg = Debug|Any CPU
		{15D06F60-D4F4-48A9-B23B-D653E2B8CB81}.Debug|Any CPU.Build.0 = Debug|Any CPU
		{15D06F60-D4F4-48A9-B23B-D653E2B8CB81}.Release|Any CPU.ActiveCfg = Release|Any CPU
		{15D06F60-D4F4-48A9-B23B-D653E2B8CB81}.Release|Any CPU.Build.0 = Release|Any CPU
		{C8EF9B0B-6801-47D6-9B9F-988699493C7A}.Debug|Any CPU.ActiveCfg = Debug|Any CPU
		{C8EF9B0B-6801-47D6-9B9F-988699493C7A}.Debug|Any CPU.Build.0 = Debug|Any CPU
		{C8EF9B0B-6801-47D6-9B9F-988699493C7A}.Release|Any CPU.ActiveCfg = Release|Any CPU
		{C8EF9B0B-6801-47D6-9B9F-988699493C7A}.Release|Any CPU.Build.0 = Release|Any CPU
		{1392F52E-696C-4DF8-9FA6-047F6BDE39A1}.Debug|Any CPU.ActiveCfg = Debug|Any CPU
		{1392F52E-696C-4DF8-9FA6-047F6BDE39A1}.Debug|Any CPU.Build.0 = Debug|Any CPU
		{1392F52E-696C-4DF8-9FA6-047F6BDE39A1}.Release|Any CPU.ActiveCfg = Release|Any CPU
		{1392F52E-696C-4DF8-9FA6-047F6BDE39A1}.Release|Any CPU.Build.0 = Release|Any CPU
	EndGlobalSection
	GlobalSection(SolutionProperties) = preSolution
		HideSolutionNode = FALSE
	EndGlobalSection
	GlobalSection(ExtensibilityGlobals) = postSolution
		SolutionGuid = {C19C7A03-14B2-48F1-9790-0A3681AD285B}
	EndGlobalSection
EndGlobal
